{
  "name": "scripts",
  "version": "0.1.0",
  "lockfileVersion": 3,
  "requires": true,
  "packages": {
    "": {
      "name": "scripts",
      "version": "0.1.0",
      "license": "AGPL-3.0-only",
      "dependencies": {
        "neves.js": "github:joao-neves95/neves.js",
        "pdf2json": "^2.0.2"
      }
    },
    "node_modules/neves.js": {
      "version": "0.0.1",
      "resolved": "git+ssh://git@github.com/joao-neves95/neves.js.git#020e3da50e670006fe287097f20d945568b68cb2",
      "license": "AGPL-3.0-only",
      "dependencies": {
        "pdf2json": "^2.0.2"
      }
    },
    "node_modules/pdf2json": {
      "version": "2.0.2",
      "resolved": "https://registry.npmjs.org/pdf2json/-/pdf2json-2.0.2.tgz",
      "integrity": "sha512-BFt5zy5VeAc6sOAUy+TWT6cM+eFFrFoSzcqFUYjKK82lukq5/1SwCD9QdC4ostj0/u3NEr6cqDsqVL/971U28Q==",
      "bundleDependencies": [
        "@xmldom/xmldom"
      ],
      "dependencies": {
        "@xmldom/xmldom": "^0.8.7"
      },
      "bin": {
        "pdf2json": "bin/pdf2json"
      },
      "engines": {
        "node": ">=14.18.0",
        "npm": ">=6.14.15"
      }
    },
    "node_modules/pdf2json/node_modules/@xmldom/xmldom": {
      "version": "0.8.7",
      "inBundle": true,
      "license": "MIT",
      "engines": {
        "node": ">=10.0.0"
      }
    }
  }
}
