# THIS IS AN AUTOGENERATED FILE. DO NOT EDIT THIS FILE DIRECTLY.
# yarn lockfile v1


"@xmldom/xmldom@^0.8.2":
  version "0.8.8"
  resolved "https://registry.yarnpkg.com/@xmldom/xmldom/-/xmldom-0.8.8.tgz#d0d11511cbc1de77e53342ad1546a4d487d6ea72"
  integrity sha512-0LNz4EY8B/8xXY86wMrQ4tz6zEHZv9ehFMJPm8u2gq5lQ71cfRKdaKyxfJAx5aUoyzx0qzgURblTisPGgz3d+Q==

"neves.js@github:joao-neves95/neves.js":
  version "0.0.1"
  resolved "https://codeload.github.com/joao-neves95/neves.js/tar.gz/48ea293126ab1b59423e680a59945d5662c903af"
  dependencies:
    pdf2json "^2.0.2"

pdf2json@^2.0.2:
  version "2.1.0"
  resolved "https://registry.yarnpkg.com/pdf2json/-/pdf2json-2.1.0.tgz#85ae578ea63ab700bd577a3661d858c8c163df72"
  integrity sha512-mXF9AIgnvq1DP/ZM2R28tAfxP2wKZHYa2DjV0R1KCwcqSzm5Iqh1XQq9rdfAt6dp2DuPP0VHZIaCALc2v1cL5A==
  dependencies:
    "@xmldom/xmldom" "^0.8.2"
